
Microsoft Visual Studio Solution File, Format Version 12.00
Project("{FAE04EC0-301F-11D3-BF4B-00C04F79EFBC}") = "API", "API\API.csproj", "{A81511F0-247F-480A-83EA-B2C0BD731AAC}"
EndProject
Project("{FAE04EC0-301F-11D3-BF4B-00C04F79EFBC}") = "Service", "Service\Service.csproj", "{FC8A8D9C-5D8C-4306-BC67-00C1E36F0E8C}"
EndProject
Project("{FAE04EC0-301F-11D3-BF4B-00C04F79EFBC}") = "Infrastructure", "Infrastructure\Infrastructure.csproj", "{DF1B06FD-C628-4FF5-BD95-CEDB0A2A32C4}"
EndProject
Global
	GlobalSection(SolutionConfigurationPlatforms) = preSolution
		Debug|Any CPU = Debug|Any CPU
		Release|Any CPU = Release|Any CPU
	EndGlobalSection
	GlobalSection(ProjectConfigurationPlatforms) = postSolution
		{A81511F0-247F-480A-83EA-B2C0BD731AAC}.Debug|Any CPU.ActiveCfg = Debug|Any CPU
		{A81511F0-247F-480A-83EA-B2C0BD731AAC}.Debug|Any CPU.Build.0 = Debug|Any CPU
		{A81511F0-247F-480A-83EA-B2C0BD731AAC}.Release|Any CPU.ActiveCfg = Release|Any CPU
		{A81511F0-247F-480A-83EA-B2C0BD731AAC}.Release|Any CPU.Build.0 = Release|Any CPU
		{FC8A8D9C-5D8C-4306-BC67-00C1E36F0E8C}.Debug|Any CPU.ActiveCfg = Debug|Any CPU
		{FC8A8D9C-5D8C-4306-BC67-00C1E36F0E8C}.Debug|Any CPU.Build.0 = Debug|Any CPU
		{FC8A8D9C-5D8C-4306-BC67-00C1E36F0E8C}.Release|Any CPU.ActiveCfg = Release|Any CPU
		{FC8A8D9C-5D8C-4306-BC67-00C1E36F0E8C}.Release|Any CPU.Build.0 = Release|Any CPU
		{DF1B06FD-C628-4FF5-BD95-CEDB0A2A32C4}.Debug|Any CPU.ActiveCfg = Debug|Any CPU
		{DF1B06FD-C628-4FF5-BD95-CEDB0A2A32C4}.Debug|Any CPU.Build.0 = Debug|Any CPU
		{DF1B06FD-C628-4FF5-BD95-CEDB0A2A32C4}.Release|Any CPU.ActiveCfg = Release|Any CPU
		{DF1B06FD-C628-4FF5-BD95-CEDB0A2A32C4}.Release|Any CPU.Build.0 = Release|Any CPU
	EndGlobalSection
EndGlobal
